
Microsoft Visual Studio Solution File, Format Version 12.00
# Visual Studio 15
VisualStudioVersion = 15.0.27428.2027
MinimumVisualStudioVersion = 10.0.40219.1
Project("{FAE04EC0-301F-11D3-BF4B-00C04F79EFBC}") = "LifeGame_", "LifeGame_\LifeGame_.csproj", "{A5B37D12-EB14-4B7D-9F18-23FA104C7998}"
EndProject
Global
	GlobalSection(SolutionConfigurationPlatforms) = preSolution
		Debug|Any CPU = Debug|Any CPU
		Release|Any CPU = Release|Any CPU
	EndGlobalSection
	GlobalSection(ProjectConfigurationPlatforms) = postSolution
		{A5B37D12-EB14-4B7D-9F18-23FA104C7998}.Debug|Any CPU.ActiveCfg = Debug|Any CPU
		{A5B37D12-EB14-4B7D-9F18-23FA104C7998}.Debug|Any CPU.Build.0 = Debug|Any CPU
		{A5B37D12-EB14-4B7D-9F18-23FA104C7998}.Release|Any CPU.ActiveCfg = Release|Any CPU
		{A5B37D12-EB14-4B7D-9F18-23FA104C7998}.Release|Any CPU.Build.0 = Release|Any CPU
	EndGlobalSection
	GlobalSection(SolutionProperties) = preSolution
		HideSolutionNode = FALSE
	EndGlobalSection
	GlobalSection(ExtensibilityGlobals) = postSolution
		SolutionGuid = {77E1B7DA-8051-4F6A-A327-900C95E0F1F3}
	EndGlobalSection
EndGlobal
